schema: '2.0'
stages:
  data_ingestion:
    cmd: python src/data_ingestion.py
    deps:
    - path: src/data_ingestion.py
      hash: md5
      md5: 295c0706050b27e628b225ee46dbd0c1
      size: 3640
    params:
      params.yaml:
        data_ingestion.test_size: 0.15
    outs:
    - path: data/raw
      hash: md5
      md5: a15ba66afdf82f8659b031b175286ed3.dir
      size: 484846
      nfiles: 2
  data_preprocessing:
    cmd: python src/data_preprocessing.py
    deps:
    - path: data/raw
      hash: md5
      md5: a15ba66afdf82f8659b031b175286ed3.dir
      size: 484846
      nfiles: 2
    - path: src/data_preprocessing.py
      hash: md5
      md5: ae0059b79590609927f72e3c373f1865
      size: 3973
    outs:
    - path: data/interim
      hash: md5
      md5: 5ccf51949f899bfd7f05565da2bc7717.dir
      size: 259321
      nfiles: 2
  feature_engineering:
    cmd: python src/feature_engineering.py
    deps:
    - path: data/interim
      hash: md5
      md5: 5ccf51949f899bfd7f05565da2bc7717.dir
      size: 259321
      nfiles: 2
    - path: src/feature_engineering.py
      hash: md5
      md5: cf8448c21ab5f64a81b288de0c331814
      size: 3910
    params:
      params.yaml:
        feature_engineering.max_features: 45
    outs:
    - path: data/processed
      hash: md5
      md5: d1e5cf67601894331bd09a56edfd3aae.dir
      size: 1063222
      nfiles: 2
  model_building:
    cmd: python src/model_building.py
    deps:
    - path: data/processed
      hash: md5
      md5: d1e5cf67601894331bd09a56edfd3aae.dir
      size: 1063222
      nfiles: 2
    - path: src/model_building.py
      hash: md5
      md5: b791dd5adad5a53390679756c1dbeb80
      size: 4481
    params:
      params.yaml:
        model_building.n_estimators: 20
        model_building.random_state: 2
    outs:
    - path: models/model.pkl
      hash: md5
      md5: b037fc83371cd78c2a4663ae9ae8b423
      size: 794440
  model_evaluation:
    cmd: python src/model_evaluation.py
    deps:
    - path: models/model.pkl
      hash: md5
      md5: b037fc83371cd78c2a4663ae9ae8b423
      size: 794440
    - path: src/model_evaluation.py
      hash: md5
      md5: 5f1ce3bd4b0b3c30f07df179d7d30c32
      size: 4655
    outs:
    - path: reports/metrics.json
      hash: md5
      md5: 80ff625632c17ea12b659c914193eb2a
      size: 145
